
Microsoft Visual Studio Solution File, Format Version 12.00
Project("{FAE04EC0-301F-11D3-BF4B-00C04F79EFBC}") = "Forte.NET", "Forte.NET\Forte.NET.csproj", "{3C903A8E-49BB-43FE-A2FB-622C27D7D0A3}"
EndProject
Global
	GlobalSection(SolutionConfigurationPlatforms) = preSolution
		Debug|Any CPU = Debug|Any CPU
		Release|Any CPU = Release|Any CPU
	EndGlobalSection
	GlobalSection(ProjectConfigurationPlatforms) = postSolution
		{3C903A8E-49BB-43FE-A2FB-622C27D7D0A3}.Debug|Any CPU.ActiveCfg = Debug|Any CPU
		{3C903A8E-49BB-43FE-A2FB-622C27D7D0A3}.Debug|Any CPU.Build.0 = Debug|Any CPU
		{3C903A8E-49BB-43FE-A2FB-622C27D7D0A3}.Release|Any CPU.ActiveCfg = Release|Any CPU
		{3C903A8E-49BB-43FE-A2FB-622C27D7D0A3}.Release|Any CPU.Build.0 = Release|Any CPU
	EndGlobalSection
EndGlobal
